
Microsoft Visual Studio Solution File, Format Version 12.00
# Visual Studio Version 17
VisualStudioVersion = 17.4.33213.308
MinimumVisualStudioVersion = 10.0.40219.1
Project("{2150E333-8FDC-42A3-9474-1A3956D46DE8}") = "Tests", "Tests", "{B19B90CF-01F4-4BCA-81B1-2C544DC34CFB}"
EndProject
Project("{2150E333-8FDC-42A3-9474-1A3956D46DE8}") = "Service", "Service", "{73F8E585-8759-48C0-9143-8D08D663B879}"
EndProject
Project("{9A19103F-16F7-4668-BE54-9A1E7A4F7556}") = "ProductService.Application", "src\ProductService.Application\ProductService.Application.csproj", "{DA4254BF-FE52-4CF8-9633-F2B6F280398D}"
EndProject
Project("{9A19103F-16F7-4668-BE54-9A1E7A4F7556}") = "ProductService.Contracts", "src\ProductService.Contracts\ProductService.Contracts.csproj", "{F997F955-49C7-4A53-80B9-36C3F14BA880}"
EndProject
Project("{9A19103F-16F7-4668-BE54-9A1E7A4F7556}") = "ProductService.Domain", "src\ProductService.Domain\ProductService.Domain.csproj", "{37BD8E9F-9CE0-4E8F-B06B-8240D63587DB}"
EndProject
Project("{9A19103F-16F7-4668-BE54-9A1E7A4F7556}") = "ProductService.Infrastructure", "src\ProductService.Infrastructure\ProductService.Infrastructure.csproj", "{E470909C-26ED-4A95-A400-C42564287CB9}"
EndProject
Project("{9A19103F-16F7-4668-BE54-9A1E7A4F7556}") = "ProductService.Presentation", "src\ProductService.Presentation\ProductService.Presentation.csproj", "{8E795F16-DD3A-4844-8346-DDA2BACD38BC}"
EndProject
Project("{9A19103F-16F7-4668-BE54-9A1E7A4F7556}") = "ProductService.Tests.Shared", "src\ProductService.Tests.Shared\ProductService.Tests.Shared.csproj", "{6A051630-734D-41E2-A55C-035415BC8991}"
EndProject
Project("{9A19103F-16F7-4668-BE54-9A1E7A4F7556}") = "ProductService.Tests.Unit", "src\ProductService.Tests.Unit\ProductService.Tests.Unit.csproj", "{0A942048-3835-4ED0-A654-FA31EF9C6744}"
EndProject
Project("{9A19103F-16F7-4668-BE54-9A1E7A4F7556}") = "OcelotApiGateway", "src\OcelotApiGateway\OcelotApiGateway.csproj", "{3139A98B-4CAC-4236-A9C0-F9AAE5600AF7}"
EndProject
Project("{9A19103F-16F7-4668-BE54-9A1E7A4F7556}") = "ProductService.Tests.Integration", "src\ProductService.Tests.Integration\ProductService.Tests.Integration.csproj", "{17666BF9-694D-488B-ABD4-4816588D4CF0}"
EndProject
Project("{2150E333-8FDC-42A3-9474-1A3956D46DE8}") = "Solution Items", "Solution Items", "{36683675-93A4-46E7-AB7C-8C38975608FC}"
	ProjectSection(SolutionItems) = preProject
		ProductService.vsext = ProductService.vsext
	EndProjectSection
EndProject
Global
	GlobalSection(SolutionConfigurationPlatforms) = preSolution
		Debug|Any CPU = Debug|Any CPU
		Release|Any CPU = Release|Any CPU
	EndGlobalSection
	GlobalSection(ProjectConfigurationPlatforms) = postSolution
		{DA4254BF-FE52-4CF8-9633-F2B6F280398D}.Debug|Any CPU.ActiveCfg = Debug|Any CPU
		{DA4254BF-FE52-4CF8-9633-F2B6F280398D}.Debug|Any CPU.Build.0 = Debug|Any CPU
		{DA4254BF-FE52-4CF8-9633-F2B6F280398D}.Release|Any CPU.ActiveCfg = Release|Any CPU
		{DA4254BF-FE52-4CF8-9633-F2B6F280398D}.Release|Any CPU.Build.0 = Release|Any CPU
		{F997F955-49C7-4A53-80B9-36C3F14BA880}.Debug|Any CPU.ActiveCfg = Debug|Any CPU
		{F997F955-49C7-4A53-80B9-36C3F14BA880}.Debug|Any CPU.Build.0 = Debug|Any CPU
		{F997F955-49C7-4A53-80B9-36C3F14BA880}.Release|Any CPU.ActiveCfg = Release|Any CPU
		{F997F955-49C7-4A53-80B9-36C3F14BA880}.Release|Any CPU.Build.0 = Release|Any CPU
		{37BD8E9F-9CE0-4E8F-B06B-8240D63587DB}.Debug|Any CPU.ActiveCfg = Debug|Any CPU
		{37BD8E9F-9CE0-4E8F-B06B-8240D63587DB}.Debug|Any CPU.Build.0 = Debug|Any CPU
		{37BD8E9F-9CE0-4E8F-B06B-8240D63587DB}.Release|Any CPU.ActiveCfg = Release|Any CPU
		{37BD8E9F-9CE0-4E8F-B06B-8240D63587DB}.Release|Any CPU.Build.0 = Release|Any CPU
		{E470909C-26ED-4A95-A400-C42564287CB9}.Debug|Any CPU.ActiveCfg = Debug|Any CPU
		{E470909C-26ED-4A95-A400-C42564287CB9}.Debug|Any CPU.Build.0 = Debug|Any CPU
		{E470909C-26ED-4A95-A400-C42564287CB9}.Release|Any CPU.ActiveCfg = Release|Any CPU
		{E470909C-26ED-4A95-A400-C42564287CB9}.Release|Any CPU.Build.0 = Release|Any CPU
		{8E795F16-DD3A-4844-8346-DDA2BACD38BC}.Debug|Any CPU.ActiveCfg = Debug|Any CPU
		{8E795F16-DD3A-4844-8346-DDA2BACD38BC}.Debug|Any CPU.Build.0 = Debug|Any CPU
		{8E795F16-DD3A-4844-8346-DDA2BACD38BC}.Release|Any CPU.ActiveCfg = Release|Any CPU
		{8E795F16-DD3A-4844-8346-DDA2BACD38BC}.Release|Any CPU.Build.0 = Release|Any CPU
		{6A051630-734D-41E2-A55C-035415BC8991}.Debug|Any CPU.ActiveCfg = Debug|Any CPU
		{6A051630-734D-41E2-A55C-035415BC8991}.Debug|Any CPU.Build.0 = Debug|Any CPU
		{6A051630-734D-41E2-A55C-035415BC8991}.Release|Any CPU.ActiveCfg = Release|Any CPU
		{6A051630-734D-41E2-A55C-035415BC8991}.Release|Any CPU.Build.0 = Release|Any CPU
		{0A942048-3835-4ED0-A654-FA31EF9C6744}.Debug|Any CPU.ActiveCfg = Debug|Any CPU
		{0A942048-3835-4ED0-A654-FA31EF9C6744}.Debug|Any CPU.Build.0 = Debug|Any CPU
		{0A942048-3835-4ED0-A654-FA31EF9C6744}.Release|Any CPU.ActiveCfg = Release|Any CPU
		{0A942048-3835-4ED0-A654-FA31EF9C6744}.Release|Any CPU.Build.0 = Release|Any CPU
		{3139A98B-4CAC-4236-A9C0-F9AAE5600AF7}.Debug|Any CPU.ActiveCfg = Debug|Any CPU
		{3139A98B-4CAC-4236-A9C0-F9AAE5600AF7}.Debug|Any CPU.Build.0 = Debug|Any CPU
		{3139A98B-4CAC-4236-A9C0-F9AAE5600AF7}.Release|Any CPU.ActiveCfg = Release|Any CPU
		{3139A98B-4CAC-4236-A9C0-F9AAE5600AF7}.Release|Any CPU.Build.0 = Release|Any CPU
		{17666BF9-694D-488B-ABD4-4816588D4CF0}.Debug|Any CPU.ActiveCfg = Debug|Any CPU
		{17666BF9-694D-488B-ABD4-4816588D4CF0}.Debug|Any CPU.Build.0 = Debug|Any CPU
		{17666BF9-694D-488B-ABD4-4816588D4CF0}.Release|Any CPU.ActiveCfg = Release|Any CPU
		{17666BF9-694D-488B-ABD4-4816588D4CF0}.Release|Any CPU.Build.0 = Release|Any CPU
	EndGlobalSection
	GlobalSection(SolutionProperties) = preSolution
		HideSolutionNode = FALSE
	EndGlobalSection
	GlobalSection(NestedProjects) = preSolution
		{DA4254BF-FE52-4CF8-9633-F2B6F280398D} = {73F8E585-8759-48C0-9143-8D08D663B879}
		{F997F955-49C7-4A53-80B9-36C3F14BA880} = {73F8E585-8759-48C0-9143-8D08D663B879}
		{37BD8E9F-9CE0-4E8F-B06B-8240D63587DB} = {73F8E585-8759-48C0-9143-8D08D663B879}
		{E470909C-26ED-4A95-A400-C42564287CB9} = {73F8E585-8759-48C0-9143-8D08D663B879}
		{8E795F16-DD3A-4844-8346-DDA2BACD38BC} = {73F8E585-8759-48C0-9143-8D08D663B879}
		{6A051630-734D-41E2-A55C-035415BC8991} = {B19B90CF-01F4-4BCA-81B1-2C544DC34CFB}
		{0A942048-3835-4ED0-A654-FA31EF9C6744} = {B19B90CF-01F4-4BCA-81B1-2C544DC34CFB}
		{17666BF9-694D-488B-ABD4-4816588D4CF0} = {B19B90CF-01F4-4BCA-81B1-2C544DC34CFB}
	EndGlobalSection
	GlobalSection(ExtensibilityGlobals) = postSolution
		SolutionGuid = {D2F1DDA4-2323-4389-BE6A-E8D842E5154F}
	EndGlobalSection
EndGlobal
