
Microsoft Visual Studio Solution File, Format Version 12.00
# Visual Studio Version 17
VisualStudioVersion = 17.4.33213.308
MinimumVisualStudioVersion = 10.0.40219.1
Project("{9A19103F-16F7-4668-BE54-9A1E7A4F7556}") = "ProductService.Application", "src\ProductService.Application\ProductService.Application.csproj", "{26E92D62-7A6C-44D7-8E77-7FB0307D4FD3}"
EndProject
Project("{9A19103F-16F7-4668-BE54-9A1E7A4F7556}") = "ProductService.Contracts", "src\ProductService.Contracts\ProductService.Contracts.csproj", "{9D82F4BF-10D9-43D9-816B-8A4E08316377}"
EndProject
Project("{9A19103F-16F7-4668-BE54-9A1E7A4F7556}") = "ProductService.Domain", "src\ProductService.Domain\ProductService.Domain.csproj", "{7C1BC01B-1E2D-4DEB-AC61-F0BB36C764E0}"
EndProject
Project("{9A19103F-16F7-4668-BE54-9A1E7A4F7556}") = "ProductService.Infrastructure", "src\ProductService.Infrastructure\ProductService.Infrastructure.csproj", "{6BFB09F0-62D9-4295-8C0C-F223730929EE}"
EndProject
Project("{9A19103F-16F7-4668-BE54-9A1E7A4F7556}") = "ProductService.Presentation", "src\ProductService.Presentation\ProductService.Presentation.csproj", "{AD9E6422-64A7-4CD6-9BA1-64B8D05E0BE8}"
EndProject
Project("{FAE04EC0-301F-11D3-BF4B-00C04F79EFBC}") = "ProductService.Tests.Integration", "ProductService.Tests.Integration\ProductService.Tests.Integration.csproj", "{F88E541D-3474-4C34-BEE5-1331C4458A08}"
EndProject
Project("{FAE04EC0-301F-11D3-BF4B-00C04F79EFBC}") = "ProductService.Tests.Unit", "ProductService.Tests.Unit\ProductService.Tests.Unit.csproj", "{62EF00FE-9710-42D7-9325-F71F2C250264}"
EndProject
Global
	GlobalSection(SolutionConfigurationPlatforms) = preSolution
		Debug|Any CPU = Debug|Any CPU
		Release|Any CPU = Release|Any CPU
	EndGlobalSection
	GlobalSection(ProjectConfigurationPlatforms) = postSolution
		{26E92D62-7A6C-44D7-8E77-7FB0307D4FD3}.Debug|Any CPU.ActiveCfg = Debug|Any CPU
		{26E92D62-7A6C-44D7-8E77-7FB0307D4FD3}.Debug|Any CPU.Build.0 = Debug|Any CPU
		{26E92D62-7A6C-44D7-8E77-7FB0307D4FD3}.Release|Any CPU.ActiveCfg = Release|Any CPU
		{26E92D62-7A6C-44D7-8E77-7FB0307D4FD3}.Release|Any CPU.Build.0 = Release|Any CPU
		{9D82F4BF-10D9-43D9-816B-8A4E08316377}.Debug|Any CPU.ActiveCfg = Debug|Any CPU
		{9D82F4BF-10D9-43D9-816B-8A4E08316377}.Debug|Any CPU.Build.0 = Debug|Any CPU
		{9D82F4BF-10D9-43D9-816B-8A4E08316377}.Release|Any CPU.ActiveCfg = Release|Any CPU
		{9D82F4BF-10D9-43D9-816B-8A4E08316377}.Release|Any CPU.Build.0 = Release|Any CPU
		{7C1BC01B-1E2D-4DEB-AC61-F0BB36C764E0}.Debug|Any CPU.ActiveCfg = Debug|Any CPU
		{7C1BC01B-1E2D-4DEB-AC61-F0BB36C764E0}.Debug|Any CPU.Build.0 = Debug|Any CPU
		{7C1BC01B-1E2D-4DEB-AC61-F0BB36C764E0}.Release|Any CPU.ActiveCfg = Release|Any CPU
		{7C1BC01B-1E2D-4DEB-AC61-F0BB36C764E0}.Release|Any CPU.Build.0 = Release|Any CPU
		{6BFB09F0-62D9-4295-8C0C-F223730929EE}.Debug|Any CPU.ActiveCfg = Debug|Any CPU
		{6BFB09F0-62D9-4295-8C0C-F223730929EE}.Debug|Any CPU.Build.0 = Debug|Any CPU
		{6BFB09F0-62D9-4295-8C0C-F223730929EE}.Release|Any CPU.ActiveCfg = Release|Any CPU
		{6BFB09F0-62D9-4295-8C0C-F223730929EE}.Release|Any CPU.Build.0 = Release|Any CPU
		{AD9E6422-64A7-4CD6-9BA1-64B8D05E0BE8}.Debug|Any CPU.ActiveCfg = Debug|Any CPU
		{AD9E6422-64A7-4CD6-9BA1-64B8D05E0BE8}.Debug|Any CPU.Build.0 = Debug|Any CPU
		{AD9E6422-64A7-4CD6-9BA1-64B8D05E0BE8}.Release|Any CPU.ActiveCfg = Release|Any CPU
		{AD9E6422-64A7-4CD6-9BA1-64B8D05E0BE8}.Release|Any CPU.Build.0 = Release|Any CPU
		{F88E541D-3474-4C34-BEE5-1331C4458A08}.Debug|Any CPU.ActiveCfg = Debug|Any CPU
		{F88E541D-3474-4C34-BEE5-1331C4458A08}.Debug|Any CPU.Build.0 = Debug|Any CPU
		{F88E541D-3474-4C34-BEE5-1331C4458A08}.Release|Any CPU.ActiveCfg = Release|Any CPU
		{F88E541D-3474-4C34-BEE5-1331C4458A08}.Release|Any CPU.Build.0 = Release|Any CPU
		{62EF00FE-9710-42D7-9325-F71F2C250264}.Debug|Any CPU.ActiveCfg = Debug|Any CPU
		{62EF00FE-9710-42D7-9325-F71F2C250264}.Debug|Any CPU.Build.0 = Debug|Any CPU
		{62EF00FE-9710-42D7-9325-F71F2C250264}.Release|Any CPU.ActiveCfg = Release|Any CPU
		{62EF00FE-9710-42D7-9325-F71F2C250264}.Release|Any CPU.Build.0 = Release|Any CPU
	EndGlobalSection
	GlobalSection(SolutionProperties) = preSolution
		HideSolutionNode = FALSE
	EndGlobalSection
	GlobalSection(ExtensibilityGlobals) = postSolution
		SolutionGuid = {D2F1DDA4-2323-4389-BE6A-E8D842E5154F}
	EndGlobalSection
EndGlobal
